
Microsoft Visual Studio Solution File, Format Version 12.00
# Visual Studio 14
VisualStudioVersion = 14.0.24720.0
MinimumVisualStudioVersion = 10.0.40219.1
Project("{888888A0-9F3D-457C-B088-3A5042F75D52}") = "dxf2kicad_mod", "dxf2kicad_mod.pyproj", "{F13A2EF3-78D4-4583-BF60-0A0C40CA5662}"
EndProject
Global
	GlobalSection(SolutionConfigurationPlatforms) = preSolution
		Debug|Any CPU = Debug|Any CPU
		Release|Any CPU = Release|Any CPU
	EndGlobalSection
	GlobalSection(ProjectConfigurationPlatforms) = postSolution
		{F13A2EF3-78D4-4583-BF60-0A0C40CA5662}.Debug|Any CPU.ActiveCfg = Debug|Any CPU
		{F13A2EF3-78D4-4583-BF60-0A0C40CA5662}.Release|Any CPU.ActiveCfg = Release|Any CPU
	EndGlobalSection
	GlobalSection(SolutionProperties) = preSolution
		HideSolutionNode = FALSE
	EndGlobalSection
EndGlobal
